
Microsoft Visual Studio Solution File, Format Version 12.00
# Visual Studio Version 17
VisualStudioVersion = 17.8.34525.116
MinimumVisualStudioVersion = 10.0.40219.1
Project("{FAE04EC0-301F-11D3-BF4B-00C04F79EFBC}") = "EsercizioSettimana11Marzo", "EsercizioSettimana11Marzo.csproj", "{954A93F0-0A1A-46CF-95C0-A8390255E5D9}"
EndProject
Global
	GlobalSection(SolutionConfigurationPlatforms) = preSolution
		Debug|Any CPU = Debug|Any CPU
		Release|Any CPU = Release|Any CPU
	EndGlobalSection
	GlobalSection(ProjectConfigurationPlatforms) = postSolution
		{954A93F0-0A1A-46CF-95C0-A8390255E5D9}.Debug|Any CPU.ActiveCfg = Debug|Any CPU
		{954A93F0-0A1A-46CF-95C0-A8390255E5D9}.Debug|Any CPU.Build.0 = Debug|Any CPU
		{954A93F0-0A1A-46CF-95C0-A8390255E5D9}.Release|Any CPU.ActiveCfg = Release|Any CPU
		{954A93F0-0A1A-46CF-95C0-A8390255E5D9}.Release|Any CPU.Build.0 = Release|Any CPU
	EndGlobalSection
	GlobalSection(SolutionProperties) = preSolution
		HideSolutionNode = FALSE
	EndGlobalSection
	GlobalSection(ExtensibilityGlobals) = postSolution
		SolutionGuid = {3562A646-9A3B-4C33-BE71-77F23FC7D445}
	EndGlobalSection
EndGlobal
